
Microsoft Visual Studio Solution File, Format Version 12.00
# Visual Studio Version 17
VisualStudioVersion = 17.5.002.0
MinimumVisualStudioVersion = 10.0.40219.1
Project("{9A19103F-16F7-4668-BE54-9A1E7A4F7556}") = "PlaywrightTests2", "PlaywrightTests2.csproj", "{075E705D-DBC6-494F-AEA0-849E563127CF}"
EndProject
Global
	GlobalSection(SolutionConfigurationPlatforms) = preSolution
		Debug|Any CPU = Debug|Any CPU
		Release|Any CPU = Release|Any CPU
	EndGlobalSection
	GlobalSection(ProjectConfigurationPlatforms) = postSolution
		{075E705D-DBC6-494F-AEA0-849E563127CF}.Debug|Any CPU.ActiveCfg = Debug|Any CPU
		{075E705D-DBC6-494F-AEA0-849E563127CF}.Debug|Any CPU.Build.0 = Debug|Any CPU
		{075E705D-DBC6-494F-AEA0-849E563127CF}.Release|Any CPU.ActiveCfg = Release|Any CPU
		{075E705D-DBC6-494F-AEA0-849E563127CF}.Release|Any CPU.Build.0 = Release|Any CPU
	EndGlobalSection
	GlobalSection(SolutionProperties) = preSolution
		HideSolutionNode = FALSE
	EndGlobalSection
	GlobalSection(ExtensibilityGlobals) = postSolution
		SolutionGuid = {4B33F0C3-5B7C-4E0F-8547-5F88A0C8FECF}
	EndGlobalSection
EndGlobal
